
Microsoft Visual Studio Solution File, Format Version 12.00
# Visual Studio Version 16
VisualStudioVersion = 16.0.30011.22
MinimumVisualStudioVersion = 10.0.40219.1
Project("{FAE04EC0-301F-11D3-BF4B-00C04F79EFBC}") = "Lab2", "Lab2.csproj", "{24E3B284-4C95-4EE4-A754-434CAFC65C07}"
EndProject
Project("{FAE04EC0-301F-11D3-BF4B-00C04F79EFBC}") = "Lab2Part2", "..\Lab2Part2\Lab2Part2.csproj", "{A59359BF-5122-498F-A6BC-34F7BA649110}"
EndProject
Global
	GlobalSection(SolutionConfigurationPlatforms) = preSolution
		Debug|Any CPU = Debug|Any CPU
		Release|Any CPU = Release|Any CPU
	EndGlobalSection
	GlobalSection(ProjectConfigurationPlatforms) = postSolution
		{24E3B284-4C95-4EE4-A754-434CAFC65C07}.Debug|Any CPU.ActiveCfg = Debug|Any CPU
		{24E3B284-4C95-4EE4-A754-434CAFC65C07}.Debug|Any CPU.Build.0 = Debug|Any CPU
		{24E3B284-4C95-4EE4-A754-434CAFC65C07}.Release|Any CPU.ActiveCfg = Release|Any CPU
		{24E3B284-4C95-4EE4-A754-434CAFC65C07}.Release|Any CPU.Build.0 = Release|Any CPU
		{A59359BF-5122-498F-A6BC-34F7BA649110}.Debug|Any CPU.ActiveCfg = Debug|Any CPU
		{A59359BF-5122-498F-A6BC-34F7BA649110}.Debug|Any CPU.Build.0 = Debug|Any CPU
		{A59359BF-5122-498F-A6BC-34F7BA649110}.Release|Any CPU.ActiveCfg = Release|Any CPU
		{A59359BF-5122-498F-A6BC-34F7BA649110}.Release|Any CPU.Build.0 = Release|Any CPU
	EndGlobalSection
	GlobalSection(SolutionProperties) = preSolution
		HideSolutionNode = FALSE
	EndGlobalSection
	GlobalSection(ExtensibilityGlobals) = postSolution
		SolutionGuid = {F88B1624-3347-4842-848F-6F66418E213E}
	EndGlobalSection
EndGlobal
